// !$*UTF8*$!
{
	archiveVersion = 1;
	classes = {
	};
	objectVersion = 50;
	objects = {

/* Begin PBXBuildFile section */
		046531C322E3CD2900C40608 /* OnBoardingButton.swift in Sources */ = {isa = PBXBuildFile; fileRef = 046531C222E3CD2900C40608 /* OnBoardingButton.swift */; };
		046531CA22E4280300C40608 /* LaunchScreen.storyboard in Resources */ = {isa = PBXBuildFile; fileRef = 046531C922E4280200C40608 /* LaunchScreen.storyboard */; };
		046531CC22E435F500C40608 /* GetModel.swift in Sources */ = {isa = PBXBuildFile; fileRef = 046531CB22E435F500C40608 /* GetModel.swift */; };
		046531CE22E4CD4600C40608 /* Game.swift in Sources */ = {isa = PBXBuildFile; fileRef = 046531CD22E4CD4600C40608 /* Game.swift */; };
		04CE742C22E2D5330099D708 /* AppDelegate.swift in Sources */ = {isa = PBXBuildFile; fileRef = 04CE742B22E2D5330099D708 /* AppDelegate.swift */; };
		04CE742E22E2D5330099D708 /* GameViewController.swift in Sources */ = {isa = PBXBuildFile; fileRef = 04CE742D22E2D5330099D708 /* GameViewController.swift */; };
		04CE743122E2D5330099D708 /* Main.storyboard in Resources */ = {isa = PBXBuildFile; fileRef = 04CE742F22E2D5330099D708 /* Main.storyboard */; };
		04CE743322E2D5350099D708 /* Assets.xcassets in Resources */ = {isa = PBXBuildFile; fileRef = 04CE743222E2D5350099D708 /* Assets.xcassets */; };
		04CE743E22E2D9C10099D708 /* OnBoarding.storyboard in Resources */ = {isa = PBXBuildFile; fileRef = 04CE743D22E2D9C10099D708 /* OnBoarding.storyboard */; };
		04CE744122E2DC630099D708 /* OnboardingFirstViewController.swift in Sources */ = {isa = PBXBuildFile; fileRef = 04CE744022E2DC630099D708 /* OnboardingFirstViewController.swift */; };
		04CE744322E2DC7D0099D708 /* OnboardingSecondViewController.swift in Sources */ = {isa = PBXBuildFile; fileRef = 04CE744222E2DC7D0099D708 /* OnboardingSecondViewController.swift */; };
		04CE744522E2DC8A0099D708 /* OnboardingThirdViewController.swift in Sources */ = {isa = PBXBuildFile; fileRef = 04CE744422E2DC8A0099D708 /* OnboardingThirdViewController.swift */; };
		04CE744922E3A4430099D708 /* GradientView.swift in Sources */ = {isa = PBXBuildFile; fileRef = 04CE744822E3A4430099D708 /* GradientView.swift */; };
		F9A904B1FE3918D307DED715 /* Pods_Koombea_iOSTest.framework in Frameworks */ = {isa = PBXBuildFile; fileRef = 0CCE347E224E7EFA1D77C2B8 /* Pods_Koombea_iOSTest.framework */; };
/* End PBXBuildFile section */

/* Begin PBXFileReference section */
		046531C222E3CD2900C40608 /* OnBoardingButton.swift */ = {isa = PBXFileReference; lastKnownFileType = sourcecode.swift; path = OnBoardingButton.swift; sourceTree = "<group>"; };
		046531C922E4280200C40608 /* LaunchScreen.storyboard */ = {isa = PBXFileReference; fileEncoding = 4; lastKnownFileType = file.storyboard; path = LaunchScreen.storyboard; sourceTree = "<group>"; };
		046531CB22E435F500C40608 /* GetModel.swift */ = {isa = PBXFileReference; lastKnownFileType = sourcecode.swift; path = GetModel.swift; sourceTree = "<group>"; };
		046531CD22E4CD4600C40608 /* Game.swift */ = {isa = PBXFileReference; lastKnownFileType = sourcecode.swift; path = Game.swift; sourceTree = "<group>"; };
		04CE742822E2D5330099D708 /* Koombea-iOSTest.app */ = {isa = PBXFileReference; explicitFileType = wrapper.application; includeInIndex = 0; path = "Koombea-iOSTest.app"; sourceTree = BUILT_PRODUCTS_DIR; };
		04CE742B22E2D5330099D708 /* AppDelegate.swift */ = {isa = PBXFileReference; lastKnownFileType = sourcecode.swift; path = AppDelegate.swift; sourceTree = "<group>"; };
		04CE742D22E2D5330099D708 /* GameViewController.swift */ = {isa = PBXFileReference; lastKnownFileType = sourcecode.swift; path = GameViewController.swift; sourceTree = "<group>"; };
		04CE743022E2D5330099D708 /* Base */ = {isa = PBXFileReference; lastKnownFileType = file.storyboard; name = Base; path = Base.lproj/Main.storyboard; sourceTree = "<group>"; };
		04CE743222E2D5350099D708 /* Assets.xcassets */ = {isa = PBXFileReference; lastKnownFileType = folder.assetcatalog; path = Assets.xcassets; sourceTree = "<group>"; };
		04CE743722E2D5350099D708 /* Info.plist */ = {isa = PBXFileReference; lastKnownFileType = text.plist.xml; path = Info.plist; sourceTree = "<group>"; };
		04CE743D22E2D9C10099D708 /* OnBoarding.storyboard */ = {isa = PBXFileReference; lastKnownFileType = file.storyboard; path = OnBoarding.storyboard; sourceTree = "<group>"; };
		04CE744022E2DC630099D708 /* OnboardingFirstViewController.swift */ = {isa = PBXFileReference; lastKnownFileType = sourcecode.swift; path = OnboardingFirstViewController.swift; sourceTree = "<group>"; };
		04CE744222E2DC7D0099D708 /* OnboardingSecondViewController.swift */ = {isa = PBXFileReference; lastKnownFileType = sourcecode.swift; path = OnboardingSecondViewController.swift; sourceTree = "<group>"; };
		04CE744422E2DC8A0099D708 /* OnboardingThirdViewController.swift */ = {isa = PBXFileReference; lastKnownFileType = sourcecode.swift; path = OnboardingThirdViewController.swift; sourceTree = "<group>"; };
		04CE744822E3A4430099D708 /* GradientView.swift */ = {isa = PBXFileReference; lastKnownFileType = sourcecode.swift; path = GradientView.swift; sourceTree = "<group>"; };
		0CCE347E224E7EFA1D77C2B8 /* Pods_Koombea_iOSTest.framework */ = {isa = PBXFileReference; explicitFileType = wrapper.framework; includeInIndex = 0; path = Pods_Koombea_iOSTest.framework; sourceTree = BUILT_PRODUCTS_DIR; };
		43DDEFD5AD29292F893DCB5F /* Pods-Koombea-iOSTest.debug.xcconfig */ = {isa = PBXFileReference; includeInIndex = 1; lastKnownFileType = text.xcconfig; name = "Pods-Koombea-iOSTest.debug.xcconfig"; path = "Pods/Target Support Files/Pods-Koombea-iOSTest/Pods-Koombea-iOSTest.debug.xcconfig"; sourceTree = "<group>"; };
		7AC0523FC45EF6DEE3CE1FB6 /* Pods-Koombea-iOSTest.release.xcconfig */ = {isa = PBXFileReference; includeInIndex = 1; lastKnownFileType = text.xcconfig; name = "Pods-Koombea-iOSTest.release.xcconfig"; path = "Pods/Target Support Files/Pods-Koombea-iOSTest/Pods-Koombea-iOSTest.release.xcconfig"; sourceTree = "<group>"; };
/* End PBXFileReference section */

/* Begin PBXFrameworksBuildPhase section */
		04CE742522E2D5330099D708 /* Frameworks */ = {
			isa = PBXFrameworksBuildPhase;
			buildActionMask = 2147483647;
			files = (
				F9A904B1FE3918D307DED715 /* Pods_Koombea_iOSTest.framework in Frameworks */,
			);
			runOnlyForDeploymentPostprocessing = 0;
		};
/* End PBXFrameworksBuildPhase section */

/* Begin PBXGroup section */
		046531C422E4240B00C40608 /* Model */ = {
			isa = PBXGroup;
			children = (
				046531CD22E4CD4600C40608 /* Game.swift */,
				046531CB22E435F500C40608 /* GetModel.swift */,
			);
			path = Model;
			sourceTree = "<group>";
		};
		046531C722E4244100C40608 /* View */ = {
			isa = PBXGroup;
			children = (
				04CE742F22E2D5330099D708 /* Main.storyboard */,
			);
			path = View;
			sourceTree = "<group>";
		};
		046531C822E424DB00C40608 /* Controller */ = {
			isa = PBXGroup;
			children = (
				04CE742B22E2D5330099D708 /* AppDelegate.swift */,
				04CE742D22E2D5330099D708 /* GameViewController.swift */,
			);
			path = Controller;
			sourceTree = "<group>";
		};
		04CE741F22E2D5330099D708 = {
			isa = PBXGroup;
			children = (
				04CE742A22E2D5330099D708 /* Koombea-iOSTest */,
				04CE742922E2D5330099D708 /* Products */,
				8D9DD89F71074ECBCB7F7874 /* Pods */,
				9DBEBB5DF08724B4121F8A9A /* Frameworks */,
			);
			sourceTree = "<group>";
		};
		04CE742922E2D5330099D708 /* Products */ = {
			isa = PBXGroup;
			children = (
				04CE742822E2D5330099D708 /* Koombea-iOSTest.app */,
			);
			name = Products;
			sourceTree = "<group>";
		};
		04CE742A22E2D5330099D708 /* Koombea-iOSTest */ = {
			isa = PBXGroup;
			children = (
				046531C822E424DB00C40608 /* Controller */,
				046531C722E4244100C40608 /* View */,
				046531C422E4240B00C40608 /* Model */,
				04CE743F22E2DC270099D708 /* Onboarding */,
				04CE743222E2D5350099D708 /* Assets.xcassets */,
				04CE744822E3A4430099D708 /* GradientView.swift */,
				046531C922E4280200C40608 /* LaunchScreen.storyboard */,
				04CE743722E2D5350099D708 /* Info.plist */,
			);
			path = "Koombea-iOSTest";
			sourceTree = "<group>";
		};
		04CE743F22E2DC270099D708 /* Onboarding */ = {
			isa = PBXGroup;
			children = (
				04CE743D22E2D9C10099D708 /* OnBoarding.storyboard */,
				046531C222E3CD2900C40608 /* OnBoardingButton.swift */,
				04CE744022E2DC630099D708 /* OnboardingFirstViewController.swift */,
				04CE744222E2DC7D0099D708 /* OnboardingSecondViewController.swift */,
				04CE744422E2DC8A0099D708 /* OnboardingThirdViewController.swift */,
			);
			path = Onboarding;
			sourceTree = "<group>";
		};
		8D9DD89F71074ECBCB7F7874 /* Pods */ = {
			isa = PBXGroup;
			children = (
				43DDEFD5AD29292F893DCB5F /* Pods-Koombea-iOSTest.debug.xcconfig */,
				7AC0523FC45EF6DEE3CE1FB6 /* Pods-Koombea-iOSTest.release.xcconfig */,
			);
			name = Pods;
			sourceTree = "<group>";
		};
		9DBEBB5DF08724B4121F8A9A /* Frameworks */ = {
			isa = PBXGroup;
			children = (
				0CCE347E224E7EFA1D77C2B8 /* Pods_Koombea_iOSTest.framework */,
			);
			name = Frameworks;
			sourceTree = "<group>";
		};
/* End PBXGroup section */

/* Begin PBXNativeTarget section */
		04CE742722E2D5330099D708 /* Koombea-iOSTest */ = {
			isa = PBXNativeTarget;
			buildConfigurationList = 04CE743A22E2D5350099D708 /* Build configuration list for PBXNativeTarget "Koombea-iOSTest" */;
			buildPhases = (
				F3738865D6E41C8309FD7433 /* [CP] Check Pods Manifest.lock */,
				04CE742422E2D5330099D708 /* Sources */,
				04CE742522E2D5330099D708 /* Frameworks */,
				04CE742622E2D5330099D708 /* Resources */,
				463B21513FAD925FEEF106BE /* [CP] Embed Pods Frameworks */,
			);
			buildRules = (
			);
			dependencies = (
			);
			name = "Koombea-iOSTest";
			productName = "Koombea-iOSTest";
			productReference = 04CE742822E2D5330099D708 /* Koombea-iOSTest.app */;
			productType = "com.apple.product-type.application";
		};
/* End PBXNativeTarget section */

/* Begin PBXProject section */
		04CE742022E2D5330099D708 /* Project object */ = {
			isa = PBXProject;
			attributes = {
				LastSwiftUpdateCheck = 1020;
				LastUpgradeCheck = 1020;
				ORGANIZATIONNAME = "Andres Felipe De La Ossa Navarro";
				TargetAttributes = {
					04CE742722E2D5330099D708 = {
						CreatedOnToolsVersion = 10.2.1;
					};
				};
			};
			buildConfigurationList = 04CE742322E2D5330099D708 /* Build configuration list for PBXProject "Koombea-iOSTest" */;
			compatibilityVersion = "Xcode 9.3";
			developmentRegion = en;
			hasScannedForEncodings = 0;
			knownRegions = (
				en,
				Base,
			);
			mainGroup = 04CE741F22E2D5330099D708;
			productRefGroup = 04CE742922E2D5330099D708 /* Products */;
			projectDirPath = "";
			projectRoot = "";
			targets = (
				04CE742722E2D5330099D708 /* Koombea-iOSTest */,
			);
		};
/* End PBXProject section */

/* Begin PBXResourcesBuildPhase section */
		04CE742622E2D5330099D708 /* Resources */ = {
			isa = PBXResourcesBuildPhase;
			buildActionMask = 2147483647;
			files = (
				04CE743322E2D5350099D708 /* Assets.xcassets in Resources */,
				046531CA22E4280300C40608 /* LaunchScreen.storyboard in Resources */,
				04CE743122E2D5330099D708 /* Main.storyboard in Resources */,
				04CE743E22E2D9C10099D708 /* OnBoarding.storyboard in Resources */,
			);
			runOnlyForDeploymentPostprocessing = 0;
		};
/* End PBXResourcesBuildPhase section */

/* Begin PBXShellScriptBuildPhase section */
		463B21513FAD925FEEF106BE /* [CP] Embed Pods Frameworks */ = {
			isa = PBXShellScriptBuildPhase;
			buildActionMask = 2147483647;
			files = (
			);
			inputPaths = (
				"${SRCROOT}/Pods/Target Support Files/Pods-Koombea-iOSTest/Pods-Koombea-iOSTest-frameworks.sh",
				"${BUILT_PRODUCTS_DIR}/Alamofire/Alamofire.framework",
				"${BUILT_PRODUCTS_DIR}/ChameleonFramework/ChameleonFramework.framework",
				"${BUILT_PRODUCTS_DIR}/PullToRefresher/PullToRefresh.framework",
				"${BUILT_PRODUCTS_DIR}/RangeSeekSlider/RangeSeekSlider.framework",
				"${BUILT_PRODUCTS_DIR}/Realm/Realm.framework",
				"${BUILT_PRODUCTS_DIR}/RealmSwift/RealmSwift.framework",
				"${BUILT_PRODUCTS_DIR}/SwiftDate/SwiftDate.framework",
				"${BUILT_PRODUCTS_DIR}/SwiftyJSON/SwiftyJSON.framework",
			);
			name = "[CP] Embed Pods Frameworks";
			outputPaths = (
				"${TARGET_BUILD_DIR}/${FRAMEWORKS_FOLDER_PATH}/Alamofire.framework",
				"${TARGET_BUILD_DIR}/${FRAMEWORKS_FOLDER_PATH}/ChameleonFramework.framework",
				"${TARGET_BUILD_DIR}/${FRAMEWORKS_FOLDER_PATH}/PullToRefresh.framework",
				"${TARGET_BUILD_DIR}/${FRAMEWORKS_FOLDER_PATH}/RangeSeekSlider.framework",
				"${TARGET_BUILD_DIR}/${FRAMEWORKS_FOLDER_PATH}/Realm.framework",
				"${TARGET_BUILD_DIR}/${FRAMEWORKS_FOLDER_PATH}/RealmSwift.framework",
				"${TARGET_BUILD_DIR}/${FRAMEWORKS_FOLDER_PATH}/SwiftDate.framework",
				"${TARGET_BUILD_DIR}/${FRAMEWORKS_FOLDER_PATH}/SwiftyJSON.framework",
			);
			runOnlyForDeploymentPostprocessing = 0;
			shellPath = /bin/sh;
			shellScript = "\"${SRCROOT}/Pods/Target Support Files/Pods-Koombea-iOSTest/Pods-Koombea-iOSTest-frameworks.sh\"\n";
			showEnvVarsInLog = 0;
		};
		F3738865D6E41C8309FD7433 /* [CP] Check Pods Manifest.lock */ = {
			isa = PBXShellScriptBuildPhase;
			buildActionMask = 2147483647;
			files = (
			);
			inputPaths = (
				"${PODS_PODFILE_DIR_PATH}/Podfile.lock",
				"${PODS_ROOT}/Manifest.lock",
			);
			name = "[CP] Check Pods Manifest.lock";
			outputPaths = (
				"$(DERIVED_FILE_DIR)/Pods-Koombea-iOSTest-checkManifestLockResult.txt",
			);
			runOnlyForDeploymentPostprocessing = 0;
			shellPath = /bin/sh;
			shellScript = "diff \"${PODS_PODFILE_DIR_PATH}/Podfile.lock\" \"${PODS_ROOT}/Manifest.lock\" > /dev/null\nif [ $? != 0 ] ; then\n    # print error to STDERR\n    echo \"error: The sandbox is not in sync with the Podfile.lock. Run 'pod install' or update your CocoaPods installation.\" >&2\n    exit 1\nfi\n# This output is used by Xcode 'outputs' to avoid re-running this script phase.\necho \"SUCCESS\" > \"${SCRIPT_OUTPUT_FILE_0}\"\n";
			showEnvVarsInLog = 0;
		};
/* End PBXShellScriptBuildPhase section */

/* Begin PBXSourcesBuildPhase section */
		04CE742422E2D5330099D708 /* Sources */ = {
			isa = PBXSourcesBuildPhase;
			buildActionMask = 2147483647;
			files = (
				04CE742E22E2D5330099D708 /* GameViewController.swift in Sources */,
				04CE744322E2DC7D0099D708 /* OnboardingSecondViewController.swift in Sources */,
				046531CC22E435F500C40608 /* GetModel.swift in Sources */,
				04CE742C22E2D5330099D708 /* AppDelegate.swift in Sources */,
				04CE744922E3A4430099D708 /* GradientView.swift in Sources */,
				04CE744122E2DC630099D708 /* OnboardingFirstViewController.swift in Sources */,
				046531C322E3CD2900C40608 /* OnBoardingButton.swift in Sources */,
				04CE744522E2DC8A0099D708 /* OnboardingThirdViewController.swift in Sources */,
				046531CE22E4CD4600C40608 /* Game.swift in Sources */,
			);
			runOnlyForDeploymentPostprocessing = 0;
		};
/* End PBXSourcesBuildPhase section */

/* Begin PBXVariantGroup section */
		04CE742F22E2D5330099D708 /* Main.storyboard */ = {
			isa = PBXVariantGroup;
			children = (
				04CE743022E2D5330099D708 /* Base */,
			);
			name = Main.storyboard;
			sourceTree = "<group>";
		};
/* End PBXVariantGroup section */

/* Begin XCBuildConfiguration section */
		04CE743822E2D5350099D708 /* Debug */ = {
			isa = XCBuildConfiguration;
			buildSettings = {
				ALWAYS_SEARCH_USER_PATHS = NO;
				CLANG_ANALYZER_NONNULL = YES;
				CLANG_ANALYZER_NUMBER_OBJECT_CONVERSION = YES_AGGRESSIVE;
				CLANG_CXX_LANGUAGE_STANDARD = "gnu++14";
				CLANG_CXX_LIBRARY = "libc++";
				CLANG_ENABLE_MODULES = YES;
				CLANG_ENABLE_OBJC_ARC = YES;
				CLANG_ENABLE_OBJC_WEAK = YES;
				CLANG_WARN_BLOCK_CAPTURE_AUTORELEASING = YES;
				CLANG_WARN_BOOL_CONVERSION = YES;
				CLANG_WARN_COMMA = YES;
				CLANG_WARN_CONSTANT_CONVERSION = YES;
				CLANG_WARN_DEPRECATED_OBJC_IMPLEMENTATIONS = YES;
				CLANG_WARN_DIRECT_OBJC_ISA_USAGE = YES_ERROR;
				CLANG_WARN_DOCUMENTATION_COMMENTS = YES;
				CLANG_WARN_EMPTY_BODY = YES;
				CLANG_WARN_ENUM_CONVERSION = YES;
				CLANG_WARN_INFINITE_RECURSION = YES;
				CLANG_WARN_INT_CONVERSION = YES;
				CLANG_WARN_NON_LITERAL_NULL_CONVERSION = YES;
				CLANG_WARN_OBJC_IMPLICIT_RETAIN_SELF = YES;
				CLANG_WARN_OBJC_LITERAL_CONVERSION = YES;
				CLANG_WARN_OBJC_ROOT_CLASS = YES_ERROR;
				CLANG_WARN_RANGE_LOOP_ANALYSIS = YES;
				CLANG_WARN_STRICT_PROTOTYPES = YES;
				CLANG_WARN_SUSPICIOUS_MOVE = YES;
				CLANG_WARN_UNGUARDED_AVAILABILITY = YES_AGGRESSIVE;
				CLANG_WARN_UNREACHABLE_CODE = YES;
				CLANG_WARN__DUPLICATE_METHOD_MATCH = YES;
				CODE_SIGN_IDENTITY = "iPhone Developer";
				COPY_PHASE_STRIP = NO;
				DEBUG_INFORMATION_FORMAT = dwarf;
				ENABLE_STRICT_OBJC_MSGSEND = YES;
				ENABLE_TESTABILITY = YES;
				GCC_C_LANGUAGE_STANDARD = gnu11;
				GCC_DYNAMIC_NO_PIC = NO;
				GCC_NO_COMMON_BLOCKS = YES;
				GCC_OPTIMIZATION_LEVEL = 0;
				GCC_PREPROCESSOR_DEFINITIONS = (
					"DEBUG=1",
					"$(inherited)",
				);
				GCC_WARN_64_TO_32_BIT_CONVERSION = YES;
				GCC_WARN_ABOUT_RETURN_TYPE = YES_ERROR;
				GCC_WARN_UNDECLARED_SELECTOR = YES;
				GCC_WARN_UNINITIALIZED_AUTOS = YES_AGGRESSIVE;
				GCC_WARN_UNUSED_FUNCTION = YES;
				GCC_WARN_UNUSED_VARIABLE = YES;
				IPHONEOS_DEPLOYMENT_TARGET = 12.2;
				MTL_ENABLE_DEBUG_INFO = INCLUDE_SOURCE;
				MTL_FAST_MATH = YES;
				ONLY_ACTIVE_ARCH = YES;
				SDKROOT = iphoneos;
				SWIFT_ACTIVE_COMPILATION_CONDITIONS = DEBUG;
				SWIFT_OPTIMIZATION_LEVEL = "-Onone";
			};
			name = Debug;
		};
		04CE743922E2D5350099D708 /* Release */ = {
			isa = XCBuildConfiguration;
			buildSettings = {
				ALWAYS_SEARCH_USER_PATHS = NO;
				CLANG_ANALYZER_NONNULL = YES;
				CLANG_ANALYZER_NUMBER_OBJECT_CONVERSION = YES_AGGRESSIVE;
				CLANG_CXX_LANGUAGE_STANDARD = "gnu++14";
				CLANG_CXX_LIBRARY = "libc++";
				CLANG_ENABLE_MODULES = YES;
				CLANG_ENABLE_OBJC_ARC = YES;
				CLANG_ENABLE_OBJC_WEAK = YES;
				CLANG_WARN_BLOCK_CAPTURE_AUTORELEASING = YES;
				CLANG_WARN_BOOL_CONVERSION = YES;
				CLANG_WARN_COMMA = YES;
				CLANG_WARN_CONSTANT_CONVERSION = YES;
				CLANG_WARN_DEPRECATED_OBJC_IMPLEMENTATIONS = YES;
				CLANG_WARN_DIRECT_OBJC_ISA_USAGE = YES_ERROR;
				CLANG_WARN_DOCUMENTATION_COMMENTS = YES;
				CLANG_WARN_EMPTY_BODY = YES;
				CLANG_WARN_ENUM_CONVERSION = YES;
				CLANG_WARN_INFINITE_RECURSION = YES;
				CLANG_WARN_INT_CONVERSION = YES;
				CLANG_WARN_NON_LITERAL_NULL_CONVERSION = YES;
				CLANG_WARN_OBJC_IMPLICIT_RETAIN_SELF = YES;
				CLANG_WARN_OBJC_LITERAL_CONVERSION = YES;
				CLANG_WARN_OBJC_ROOT_CLASS = YES_ERROR;
				CLANG_WARN_RANGE_LOOP_ANALYSIS = YES;
				CLANG_WARN_STRICT_PROTOTYPES = YES;
				CLANG_WARN_SUSPICIOUS_MOVE = YES;
				CLANG_WARN_UNGUARDED_AVAILABILITY = YES_AGGRESSIVE;
				CLANG_WARN_UNREACHABLE_CODE = YES;
				CLANG_WARN__DUPLICATE_METHOD_MATCH = YES;
				CODE_SIGN_IDENTITY = "iPhone Developer";
				COPY_PHASE_STRIP = NO;
				DEBUG_INFORMATION_FORMAT = "dwarf-with-dsym";
				ENABLE_NS_ASSERTIONS = NO;
				ENABLE_STRICT_OBJC_MSGSEND = YES;
				GCC_C_LANGUAGE_STANDARD = gnu11;
				GCC_NO_COMMON_BLOCKS = YES;
				GCC_WARN_64_TO_32_BIT_CONVERSION = YES;
				GCC_WARN_ABOUT_RETURN_TYPE = YES_ERROR;
				GCC_WARN_UNDECLARED_SELECTOR = YES;
				GCC_WARN_UNINITIALIZED_AUTOS = YES_AGGRESSIVE;
				GCC_WARN_UNUSED_FUNCTION = YES;
				GCC_WARN_UNUSED_VARIABLE = YES;
				IPHONEOS_DEPLOYMENT_TARGET = 12.2;
				MTL_ENABLE_DEBUG_INFO = NO;
				MTL_FAST_MATH = YES;
				SDKROOT = iphoneos;
				SWIFT_COMPILATION_MODE = wholemodule;
				SWIFT_OPTIMIZATION_LEVEL = "-O";
				VALIDATE_PRODUCT = YES;
			};
			name = Release;
		};
		04CE743B22E2D5350099D708 /* Debug */ = {
			isa = XCBuildConfiguration;
			baseConfigurationReference = 43DDEFD5AD29292F893DCB5F /* Pods-Koombea-iOSTest.debug.xcconfig */;
			buildSettings = {
				ASSETCATALOG_COMPILER_APPICON_NAME = AppIcon;
				CODE_SIGN_STYLE = Automatic;
				DEVELOPMENT_TEAM = P48P2G5UA9;
				INFOPLIST_FILE = "Koombea-iOSTest/Info.plist";
				LD_RUNPATH_SEARCH_PATHS = (
					"$(inherited)",
					"@executable_path/Frameworks",
				);
				PRODUCT_BUNDLE_IDENTIFIER = "Ossa.Koombea-iOSTest";
				PRODUCT_NAME = "$(TARGET_NAME)";
				SWIFT_VERSION = 5.0;
				TARGETED_DEVICE_FAMILY = "1,2";
			};
			name = Debug;
		};
		04CE743C22E2D5350099D708 /* Release */ = {
			isa = XCBuildConfiguration;
			baseConfigurationReference = 7AC0523FC45EF6DEE3CE1FB6 /* Pods-Koombea-iOSTest.release.xcconfig */;
			buildSettings = {
				ASSETCATALOG_COMPILER_APPICON_NAME = AppIcon;
				CODE_SIGN_STYLE = Automatic;
				DEVELOPMENT_TEAM = P48P2G5UA9;
				INFOPLIST_FILE = "Koombea-iOSTest/Info.plist";
				LD_RUNPATH_SEARCH_PATHS = (
					"$(inherited)",
					"@executable_path/Frameworks",
				);
				PRODUCT_BUNDLE_IDENTIFIER = "Ossa.Koombea-iOSTest";
				PRODUCT_NAME = "$(TARGET_NAME)";
				SWIFT_VERSION = 5.0;
				TARGETED_DEVICE_FAMILY = "1,2";
			};
			name = Release;
		};
/* End XCBuildConfiguration section */

/* Begin XCConfigurationList section */
		04CE742322E2D5330099D708 /* Build configuration list for PBXProject "Koombea-iOSTest" */ = {
			isa = XCConfigurationList;
			buildConfigurations = (
				04CE743822E2D5350099D708 /* Debug */,
				04CE743922E2D5350099D708 /* Release */,
			);
			defaultConfigurationIsVisible = 0;
			defaultConfigurationName = Release;
		};
		04CE743A22E2D5350099D708 /* Build configuration list for PBXNativeTarget "Koombea-iOSTest" */ = {
			isa = XCConfigurationList;
			buildConfigurations = (
				04CE743B22E2D5350099D708 /* Debug */,
				04CE743C22E2D5350099D708 /* Release */,
			);
			defaultConfigurationIsVisible = 0;
			defaultConfigurationName = Release;
		};
/* End XCConfigurationList section */
	};
	rootObject = 04CE742022E2D5330099D708 /* Project object */;
}
